// !$*UTF8*$!
{
	archiveVersion = 1;
	classes = {
	};
	objectVersion = 46;
	objects = {

/* Begin PBXBuildFile section */
		F51657241F9D169D0052B3AC /* AppDelegate.swift in Sources */ = {isa = PBXBuildFile; fileRef = F51657231F9D169D0052B3AC /* AppDelegate.swift */; };
		F51657261F9D169D0052B3AC /* ViewController.swift in Sources */ = {isa = PBXBuildFile; fileRef = F51657251F9D169D0052B3AC /* ViewController.swift */; };
		F51657291F9D169D0052B3AC /* Main.storyboard in Resources */ = {isa = PBXBuildFile; fileRef = F51657271F9D169D0052B3AC /* Main.storyboard */; };
		F516572B1F9D169D0052B3AC /* Assets.xcassets in Resources */ = {isa = PBXBuildFile; fileRef = F516572A1F9D169D0052B3AC /* Assets.xcassets */; };
		F516572E1F9D169D0052B3AC /* LaunchScreen.storyboard in Resources */ = {isa = PBXBuildFile; fileRef = F516572C1F9D169D0052B3AC /* LaunchScreen.storyboard */; };
		F51657391F9D169E0052B3AC /* SLProjectTests.swift in Sources */ = {isa = PBXBuildFile; fileRef = F51657381F9D169E0052B3AC /* SLProjectTests.swift */; };
		F516574B1F9D16C50052B3AC /* API.swift in Sources */ = {isa = PBXBuildFile; fileRef = F51657441F9D16C50052B3AC /* API.swift */; };
		F516574C1F9D16C50052B3AC /* DownloadDataManager.swift in Sources */ = {isa = PBXBuildFile; fileRef = F51657451F9D16C50052B3AC /* DownloadDataManager.swift */; };
		F516574D1F9D16C50052B3AC /* Date+Formatter.swift in Sources */ = {isa = PBXBuildFile; fileRef = F51657471F9D16C50052B3AC /* Date+Formatter.swift */; };
		F516574F1F9D16C50052B3AC /* String+Extension.swift in Sources */ = {isa = PBXBuildFile; fileRef = F51657491F9D16C50052B3AC /* String+Extension.swift */; };
		F51657501F9D16C50052B3AC /* UIViewController+Alert.swift in Sources */ = {isa = PBXBuildFile; fileRef = F516574A1F9D16C50052B3AC /* UIViewController+Alert.swift */; };
		F51657521F9D47070052B3AC /* StorageManager.swift in Sources */ = {isa = PBXBuildFile; fileRef = F51657511F9D47070052B3AC /* StorageManager.swift */; };
/* End PBXBuildFile section */

/* Begin PBXContainerItemProxy section */
		F51657351F9D169E0052B3AC /* PBXContainerItemProxy */ = {
			isa = PBXContainerItemProxy;
			containerPortal = F51657181F9D169D0052B3AC /* Project object */;
			proxyType = 1;
			remoteGlobalIDString = F516571F1F9D169D0052B3AC;
			remoteInfo = SLProject;
		};
/* End PBXContainerItemProxy section */

/* Begin PBXFileReference section */
		F51657201F9D169D0052B3AC /* SLProject.app */ = {isa = PBXFileReference; explicitFileType = wrapper.application; includeInIndex = 0; path = SLProject.app; sourceTree = BUILT_PRODUCTS_DIR; };
		F51657231F9D169D0052B3AC /* AppDelegate.swift */ = {isa = PBXFileReference; lastKnownFileType = sourcecode.swift; path = AppDelegate.swift; sourceTree = "<group>"; };
		F51657251F9D169D0052B3AC /* ViewController.swift */ = {isa = PBXFileReference; lastKnownFileType = sourcecode.swift; path = ViewController.swift; sourceTree = "<group>"; };
		F51657281F9D169D0052B3AC /* Base */ = {isa = PBXFileReference; lastKnownFileType = file.storyboard; name = Base; path = Base.lproj/Main.storyboard; sourceTree = "<group>"; };
		F516572A1F9D169D0052B3AC /* Assets.xcassets */ = {isa = PBXFileReference; lastKnownFileType = folder.assetcatalog; path = Assets.xcassets; sourceTree = "<group>"; };
		F516572D1F9D169D0052B3AC /* Base */ = {isa = PBXFileReference; lastKnownFileType = file.storyboard; name = Base; path = Base.lproj/LaunchScreen.storyboard; sourceTree = "<group>"; };
		F516572F1F9D169E0052B3AC /* Info.plist */ = {isa = PBXFileReference; lastKnownFileType = text.plist.xml; path = Info.plist; sourceTree = "<group>"; };
		F51657341F9D169E0052B3AC /* SLProjectTests.xctest */ = {isa = PBXFileReference; explicitFileType = wrapper.cfbundle; includeInIndex = 0; path = SLProjectTests.xctest; sourceTree = BUILT_PRODUCTS_DIR; };
		F51657381F9D169E0052B3AC /* SLProjectTests.swift */ = {isa = PBXFileReference; lastKnownFileType = sourcecode.swift; path = SLProjectTests.swift; sourceTree = "<group>"; };
		F516573A1F9D169E0052B3AC /* Info.plist */ = {isa = PBXFileReference; lastKnownFileType = text.plist.xml; path = Info.plist; sourceTree = "<group>"; };
		F51657441F9D16C50052B3AC /* API.swift */ = {isa = PBXFileReference; fileEncoding = 4; lastKnownFileType = sourcecode.swift; path = API.swift; sourceTree = "<group>"; };
		F51657451F9D16C50052B3AC /* DownloadDataManager.swift */ = {isa = PBXFileReference; fileEncoding = 4; lastKnownFileType = sourcecode.swift; path = DownloadDataManager.swift; sourceTree = "<group>"; };
		F51657471F9D16C50052B3AC /* Date+Formatter.swift */ = {isa = PBXFileReference; fileEncoding = 4; lastKnownFileType = sourcecode.swift; path = "Date+Formatter.swift"; sourceTree = "<group>"; };
		F51657491F9D16C50052B3AC /* String+Extension.swift */ = {isa = PBXFileReference; fileEncoding = 4; lastKnownFileType = sourcecode.swift; path = "String+Extension.swift"; sourceTree = "<group>"; };
		F516574A1F9D16C50052B3AC /* UIViewController+Alert.swift */ = {isa = PBXFileReference; fileEncoding = 4; lastKnownFileType = sourcecode.swift; path = "UIViewController+Alert.swift"; sourceTree = "<group>"; };
		F51657511F9D47070052B3AC /* StorageManager.swift */ = {isa = PBXFileReference; fileEncoding = 4; lastKnownFileType = sourcecode.swift; path = StorageManager.swift; sourceTree = "<group>"; };
/* End PBXFileReference section */

/* Begin PBXFrameworksBuildPhase section */
		F516571D1F9D169D0052B3AC /* Frameworks */ = {
			isa = PBXFrameworksBuildPhase;
			buildActionMask = 2147483647;
			files = (
			);
			runOnlyForDeploymentPostprocessing = 0;
		};
		F51657311F9D169E0052B3AC /* Frameworks */ = {
			isa = PBXFrameworksBuildPhase;
			buildActionMask = 2147483647;
			files = (
			);
			runOnlyForDeploymentPostprocessing = 0;
		};
/* End PBXFrameworksBuildPhase section */

/* Begin PBXGroup section */
		F51657171F9D169D0052B3AC = {
			isa = PBXGroup;
			children = (
				F51657221F9D169D0052B3AC /* SLProject */,
				F51657371F9D169E0052B3AC /* SLProjectTests */,
				F51657211F9D169D0052B3AC /* Products */,
			);
			sourceTree = "<group>";
		};
		F51657211F9D169D0052B3AC /* Products */ = {
			isa = PBXGroup;
			children = (
				F51657201F9D169D0052B3AC /* SLProject.app */,
				F51657341F9D169E0052B3AC /* SLProjectTests.xctest */,
			);
			name = Products;
			sourceTree = "<group>";
		};
		F51657221F9D169D0052B3AC /* SLProject */ = {
			isa = PBXGroup;
			children = (
				F51657431F9D16C50052B3AC /* Manager */,
				F51657461F9D16C50052B3AC /* utilis */,
				F51657231F9D169D0052B3AC /* AppDelegate.swift */,
				F51657251F9D169D0052B3AC /* ViewController.swift */,
				F51657271F9D169D0052B3AC /* Main.storyboard */,
				F516572A1F9D169D0052B3AC /* Assets.xcassets */,
				F516572C1F9D169D0052B3AC /* LaunchScreen.storyboard */,
				F516572F1F9D169E0052B3AC /* Info.plist */,
			);
			path = SLProject;
			sourceTree = "<group>";
		};
		F51657371F9D169E0052B3AC /* SLProjectTests */ = {
			isa = PBXGroup;
			children = (
				F51657381F9D169E0052B3AC /* SLProjectTests.swift */,
				F516573A1F9D169E0052B3AC /* Info.plist */,
			);
			path = SLProjectTests;
			sourceTree = "<group>";
		};
		F51657431F9D16C50052B3AC /* Manager */ = {
			isa = PBXGroup;
			children = (
				F51657441F9D16C50052B3AC /* API.swift */,
				F51657451F9D16C50052B3AC /* DownloadDataManager.swift */,
				F51657511F9D47070052B3AC /* StorageManager.swift */,
			);
			path = Manager;
			sourceTree = "<group>";
		};
		F51657461F9D16C50052B3AC /* utilis */ = {
			isa = PBXGroup;
			children = (
				F51657471F9D16C50052B3AC /* Date+Formatter.swift */,
				F51657491F9D16C50052B3AC /* String+Extension.swift */,
				F516574A1F9D16C50052B3AC /* UIViewController+Alert.swift */,
			);
			path = utilis;
			sourceTree = "<group>";
		};
/* End PBXGroup section */

/* Begin PBXNativeTarget section */
		F516571F1F9D169D0052B3AC /* SLProject */ = {
			isa = PBXNativeTarget;
			buildConfigurationList = F516573D1F9D169E0052B3AC /* Build configuration list for PBXNativeTarget "SLProject" */;
			buildPhases = (
				F516571C1F9D169D0052B3AC /* Sources */,
				F516571D1F9D169D0052B3AC /* Frameworks */,
				F516571E1F9D169D0052B3AC /* Resources */,
			);
			buildRules = (
			);
			dependencies = (
			);
			name = SLProject;
			productName = SLProject;
			productReference = F51657201F9D169D0052B3AC /* SLProject.app */;
			productType = "com.apple.product-type.application";
		};
		F51657331F9D169E0052B3AC /* SLProjectTests */ = {
			isa = PBXNativeTarget;
			buildConfigurationList = F51657401F9D169E0052B3AC /* Build configuration list for PBXNativeTarget "SLProjectTests" */;
			buildPhases = (
				F51657301F9D169E0052B3AC /* Sources */,
				F51657311F9D169E0052B3AC /* Frameworks */,
				F51657321F9D169E0052B3AC /* Resources */,
			);
			buildRules = (
			);
			dependencies = (
				F51657361F9D169E0052B3AC /* PBXTargetDependency */,
			);
			name = SLProjectTests;
			productName = SLProjectTests;
			productReference = F51657341F9D169E0052B3AC /* SLProjectTests.xctest */;
			productType = "com.apple.product-type.bundle.unit-test";
		};
/* End PBXNativeTarget section */

/* Begin PBXProject section */
		F51657181F9D169D0052B3AC /* Project object */ = {
			isa = PBXProject;
			attributes = {
				LastSwiftUpdateCheck = 0830;
				LastUpgradeCheck = 0830;
				ORGANIZATIONNAME = "Mohamed Marouane YOUSSEF";
				TargetAttributes = {
					F516571F1F9D169D0052B3AC = {
						CreatedOnToolsVersion = 8.3.1;
						ProvisioningStyle = Automatic;
					};
					F51657331F9D169E0052B3AC = {
						CreatedOnToolsVersion = 8.3.1;
						ProvisioningStyle = Automatic;
						TestTargetID = F516571F1F9D169D0052B3AC;
					};
				};
			};
			buildConfigurationList = F516571B1F9D169D0052B3AC /* Build configuration list for PBXProject "SLProject" */;
			compatibilityVersion = "Xcode 3.2";
			developmentRegion = English;
			hasScannedForEncodings = 0;
			knownRegions = (
				en,
				Base,
			);
			mainGroup = F51657171F9D169D0052B3AC;
			productRefGroup = F51657211F9D169D0052B3AC /* Products */;
			projectDirPath = "";
			projectRoot = "";
			targets = (
				F516571F1F9D169D0052B3AC /* SLProject */,
				F51657331F9D169E0052B3AC /* SLProjectTests */,
			);
		};
/* End PBXProject section */

/* Begin PBXResourcesBuildPhase section */
		F516571E1F9D169D0052B3AC /* Resources */ = {
			isa = PBXResourcesBuildPhase;
			buildActionMask = 2147483647;
			files = (
				F516572E1F9D169D0052B3AC /* LaunchScreen.storyboard in Resources */,
				F516572B1F9D169D0052B3AC /* Assets.xcassets in Resources */,
				F51657291F9D169D0052B3AC /* Main.storyboard in Resources */,
			);
			runOnlyForDeploymentPostprocessing = 0;
		};
		F51657321F9D169E0052B3AC /* Resources */ = {
			isa = PBXResourcesBuildPhase;
			buildActionMask = 2147483647;
			files = (
			);
			runOnlyForDeploymentPostprocessing = 0;
		};
/* End PBXResourcesBuildPhase section */

/* Begin PBXSourcesBuildPhase section */
		F516571C1F9D169D0052B3AC /* Sources */ = {
			isa = PBXSourcesBuildPhase;
			buildActionMask = 2147483647;
			files = (
				F516574D1F9D16C50052B3AC /* Date+Formatter.swift in Sources */,
				F516574F1F9D16C50052B3AC /* String+Extension.swift in Sources */,
				F51657261F9D169D0052B3AC /* ViewController.swift in Sources */,
				F516574C1F9D16C50052B3AC /* DownloadDataManager.swift in Sources */,
				F516574B1F9D16C50052B3AC /* API.swift in Sources */,
				F51657241F9D169D0052B3AC /* AppDelegate.swift in Sources */,
				F51657501F9D16C50052B3AC /* UIViewController+Alert.swift in Sources */,
				F51657521F9D47070052B3AC /* StorageManager.swift in Sources */,
			);
			runOnlyForDeploymentPostprocessing = 0;
		};
		F51657301F9D169E0052B3AC /* Sources */ = {
			isa = PBXSourcesBuildPhase;
			buildActionMask = 2147483647;
			files = (
				F51657391F9D169E0052B3AC /* SLProjectTests.swift in Sources */,
			);
			runOnlyForDeploymentPostprocessing = 0;
		};
/* End PBXSourcesBuildPhase section */

/* Begin PBXTargetDependency section */
		F51657361F9D169E0052B3AC /* PBXTargetDependency */ = {
			isa = PBXTargetDependency;
			target = F516571F1F9D169D0052B3AC /* SLProject */;
			targetProxy = F51657351F9D169E0052B3AC /* PBXContainerItemProxy */;
		};
/* End PBXTargetDependency section */

/* Begin PBXVariantGroup section */
		F51657271F9D169D0052B3AC /* Main.storyboard */ = {
			isa = PBXVariantGroup;
			children = (
				F51657281F9D169D0052B3AC /* Base */,
			);
			name = Main.storyboard;
			sourceTree = "<group>";
		};
		F516572C1F9D169D0052B3AC /* LaunchScreen.storyboard */ = {
			isa = PBXVariantGroup;
			children = (
				F516572D1F9D169D0052B3AC /* Base */,
			);
			name = LaunchScreen.storyboard;
			sourceTree = "<group>";
		};
/* End PBXVariantGroup section */

/* Begin XCBuildConfiguration section */
		F516573B1F9D169E0052B3AC /* Debug */ = {
			isa = XCBuildConfiguration;
			buildSettings = {
				ALWAYS_SEARCH_USER_PATHS = NO;
				CLANG_ANALYZER_NONNULL = YES;
				CLANG_ANALYZER_NUMBER_OBJECT_CONVERSION = YES_AGGRESSIVE;
				CLANG_CXX_LANGUAGE_STANDARD = "gnu++0x";
				CLANG_CXX_LIBRARY = "libc++";
				CLANG_ENABLE_MODULES = YES;
				CLANG_ENABLE_OBJC_ARC = YES;
				CLANG_WARN_BOOL_CONVERSION = YES;
				CLANG_WARN_CONSTANT_CONVERSION = YES;
				CLANG_WARN_DIRECT_OBJC_ISA_USAGE = YES_ERROR;
				CLANG_WARN_DOCUMENTATION_COMMENTS = YES;
				CLANG_WARN_EMPTY_BODY = YES;
				CLANG_WARN_ENUM_CONVERSION = YES;
				CLANG_WARN_INFINITE_RECURSION = YES;
				CLANG_WARN_INT_CONVERSION = YES;
				CLANG_WARN_OBJC_ROOT_CLASS = YES_ERROR;
				CLANG_WARN_SUSPICIOUS_MOVE = YES;
				CLANG_WARN_UNREACHABLE_CODE = YES;
				CLANG_WARN__DUPLICATE_METHOD_MATCH = YES;
				"CODE_SIGN_IDENTITY[sdk=iphoneos*]" = "iPhone Developer";
				COPY_PHASE_STRIP = NO;
				DEBUG_INFORMATION_FORMAT = dwarf;
				ENABLE_STRICT_OBJC_MSGSEND = YES;
				ENABLE_TESTABILITY = YES;
				GCC_C_LANGUAGE_STANDARD = gnu99;
				GCC_DYNAMIC_NO_PIC = NO;
				GCC_NO_COMMON_BLOCKS = YES;
				GCC_OPTIMIZATION_LEVEL = 0;
				GCC_PREPROCESSOR_DEFINITIONS = (
					"DEBUG=1",
					"$(inherited)",
				);
				GCC_WARN_64_TO_32_BIT_CONVERSION = YES;
				GCC_WARN_ABOUT_RETURN_TYPE = YES_ERROR;
				GCC_WARN_UNDECLARED_SELECTOR = YES;
				GCC_WARN_UNINITIALIZED_AUTOS = YES_AGGRESSIVE;
				GCC_WARN_UNUSED_FUNCTION = YES;
				GCC_WARN_UNUSED_VARIABLE = YES;
				IPHONEOS_DEPLOYMENT_TARGET = 10.3;
				MTL_ENABLE_DEBUG_INFO = YES;
				ONLY_ACTIVE_ARCH = YES;
				SDKROOT = iphoneos;
				SWIFT_ACTIVE_COMPILATION_CONDITIONS = DEBUG;
				SWIFT_OPTIMIZATION_LEVEL = "-Onone";
				TARGETED_DEVICE_FAMILY = "1,2";
			};
			name = Debug;
		};
		F516573C1F9D169E0052B3AC /* Release */ = {
			isa = XCBuildConfiguration;
			buildSettings = {
				ALWAYS_SEARCH_USER_PATHS = NO;
				CLANG_ANALYZER_NONNULL = YES;
				CLANG_ANALYZER_NUMBER_OBJECT_CONVERSION = YES_AGGRESSIVE;
				CLANG_CXX_LANGUAGE_STANDARD = "gnu++0x";
				CLANG_CXX_LIBRARY = "libc++";
				CLANG_ENABLE_MODULES = YES;
				CLANG_ENABLE_OBJC_ARC = YES;
				CLANG_WARN_BOOL_CONVERSION = YES;
				CLANG_WARN_CONSTANT_CONVERSION = YES;
				CLANG_WARN_DIRECT_OBJC_ISA_USAGE = YES_ERROR;
				CLANG_WARN_DOCUMENTATION_COMMENTS = YES;
				CLANG_WARN_EMPTY_BODY = YES;
				CLANG_WARN_ENUM_CONVERSION = YES;
				CLANG_WARN_INFINITE_RECURSION = YES;
				CLANG_WARN_INT_CONVERSION = YES;
				CLANG_WARN_OBJC_ROOT_CLASS = YES_ERROR;
				CLANG_WARN_SUSPICIOUS_MOVE = YES;
				CLANG_WARN_UNREACHABLE_CODE = YES;
				CLANG_WARN__DUPLICATE_METHOD_MATCH = YES;
				"CODE_SIGN_IDENTITY[sdk=iphoneos*]" = "iPhone Developer";
				COPY_PHASE_STRIP = NO;
				DEBUG_INFORMATION_FORMAT = "dwarf-with-dsym";
				ENABLE_NS_ASSERTIONS = NO;
				ENABLE_STRICT_OBJC_MSGSEND = YES;
				GCC_C_LANGUAGE_STANDARD = gnu99;
				GCC_NO_COMMON_BLOCKS = YES;
				GCC_WARN_64_TO_32_BIT_CONVERSION = YES;
				GCC_WARN_ABOUT_RETURN_TYPE = YES_ERROR;
				GCC_WARN_UNDECLARED_SELECTOR = YES;
				GCC_WARN_UNINITIALIZED_AUTOS = YES_AGGRESSIVE;
				GCC_WARN_UNUSED_FUNCTION = YES;
				GCC_WARN_UNUSED_VARIABLE = YES;
				IPHONEOS_DEPLOYMENT_TARGET = 10.3;
				MTL_ENABLE_DEBUG_INFO = NO;
				SDKROOT = iphoneos;
				SWIFT_OPTIMIZATION_LEVEL = "-Owholemodule";
				TARGETED_DEVICE_FAMILY = "1,2";
				VALIDATE_PRODUCT = YES;
			};
			name = Release;
		};
		F516573E1F9D169E0052B3AC /* Debug */ = {
			isa = XCBuildConfiguration;
			buildSettings = {
				ASSETCATALOG_COMPILER_APPICON_NAME = AppIcon;
				INFOPLIST_FILE = SLProject/Info.plist;
				LD_RUNPATH_SEARCH_PATHS = "$(inherited) @executable_path/Frameworks";
				PRODUCT_BUNDLE_IDENTIFIER = VSC.SLProject;
				PRODUCT_NAME = "$(TARGET_NAME)";
				SWIFT_VERSION = 3.0;
			};
			name = Debug;
		};
		F516573F1F9D169E0052B3AC /* Release */ = {
			isa = XCBuildConfiguration;
			buildSettings = {
				ASSETCATALOG_COMPILER_APPICON_NAME = AppIcon;
				INFOPLIST_FILE = SLProject/Info.plist;
				LD_RUNPATH_SEARCH_PATHS = "$(inherited) @executable_path/Frameworks";
				PRODUCT_BUNDLE_IDENTIFIER = VSC.SLProject;
				PRODUCT_NAME = "$(TARGET_NAME)";
				SWIFT_VERSION = 3.0;
			};
			name = Release;
		};
		F51657411F9D169E0052B3AC /* Debug */ = {
			isa = XCBuildConfiguration;
			buildSettings = {
				ALWAYS_EMBED_SWIFT_STANDARD_LIBRARIES = YES;
				BUNDLE_LOADER = "$(TEST_HOST)";
				INFOPLIST_FILE = SLProjectTests/Info.plist;
				LD_RUNPATH_SEARCH_PATHS = "$(inherited) @executable_path/Frameworks @loader_path/Frameworks";
				PRODUCT_BUNDLE_IDENTIFIER = VSC.SLProjectTests;
				PRODUCT_NAME = "$(TARGET_NAME)";
				SWIFT_VERSION = 3.0;
				TEST_HOST = "$(BUILT_PRODUCTS_DIR)/SLProject.app/SLProject";
			};
			name = Debug;
		};
		F51657421F9D169E0052B3AC /* Release */ = {
			isa = XCBuildConfiguration;
			buildSettings = {
				ALWAYS_EMBED_SWIFT_STANDARD_LIBRARIES = YES;
				BUNDLE_LOADER = "$(TEST_HOST)";
				INFOPLIST_FILE = SLProjectTests/Info.plist;
				LD_RUNPATH_SEARCH_PATHS = "$(inherited) @executable_path/Frameworks @loader_path/Frameworks";
				PRODUCT_BUNDLE_IDENTIFIER = VSC.SLProjectTests;
				PRODUCT_NAME = "$(TARGET_NAME)";
				SWIFT_VERSION = 3.0;
				TEST_HOST = "$(BUILT_PRODUCTS_DIR)/SLProject.app/SLProject";
			};
			name = Release;
		};
/* End XCBuildConfiguration section */

/* Begin XCConfigurationList section */
		F516571B1F9D169D0052B3AC /* Build configuration list for PBXProject "SLProject" */ = {
			isa = XCConfigurationList;
			buildConfigurations = (
				F516573B1F9D169E0052B3AC /* Debug */,
				F516573C1F9D169E0052B3AC /* Release */,
			);
			defaultConfigurationIsVisible = 0;
			defaultConfigurationName = Release;
		};
		F516573D1F9D169E0052B3AC /* Build configuration list for PBXNativeTarget "SLProject" */ = {
			isa = XCConfigurationList;
			buildConfigurations = (
				F516573E1F9D169E0052B3AC /* Debug */,
				F516573F1F9D169E0052B3AC /* Release */,
			);
			defaultConfigurationIsVisible = 0;
			defaultConfigurationName = Release;
		};
		F51657401F9D169E0052B3AC /* Build configuration list for PBXNativeTarget "SLProjectTests" */ = {
			isa = XCConfigurationList;
			buildConfigurations = (
				F51657411F9D169E0052B3AC /* Debug */,
				F51657421F9D169E0052B3AC /* Release */,
			);
			defaultConfigurationIsVisible = 0;
			defaultConfigurationName = Release;
		};
/* End XCConfigurationList section */
	};
	rootObject = F51657181F9D169D0052B3AC /* Project object */;
}
